
Microsoft Visual Studio Solution File, Format Version 12.00
# Visual Studio Version 16
VisualStudioVersion = 16.0.32106.194
MinimumVisualStudioVersion = 10.0.40219.1
Project("{FAE04EC0-301F-11D3-BF4B-00C04F79EFBC}") = "HP.SecureStorage", "HP.SecureStorage\HP.SecureStorage.csproj", "{81CE1491-8B85-425C-8D7A-8269E48B57C5}"
EndProject
Project("{FAE04EC0-301F-11D3-BF4B-00C04F79EFBC}") = "HP.Palette.Security", "HP.SecureData\HP.Palette.Security.csproj", "{CCAFC09F-3A85-4298-9EB2-1F91D2CE40AA}"
EndProject
Project("{FAE04EC0-301F-11D3-BF4B-00C04F79EFBC}") = "HP.MVVM", "..\common-projects\HP.MVVM\HP.MVVM.csproj", "{BA2474BC-8BC5-43CF-8E73-AB81806FDDE2}"
EndProject
Project("{FAE04EC0-301F-11D3-BF4B-00C04F79EFBC}") = "HP.Palette.Security.UnitTests", "HP.Palette.Security.UnitTests\HP.Palette.Security.UnitTests.csproj", "{F1201260-51E8-43C8-BFD6-DA7789347F63}"
EndProject
Global
	GlobalSection(SolutionConfigurationPlatforms) = preSolution
		Debug|Any CPU = Debug|Any CPU
		Debug|ARM = Debug|ARM
		Debug|ARM64 = Debug|ARM64
		Debug|x64 = Debug|x64
		Debug|x86 = Debug|x86
		Release|Any CPU = Release|Any CPU
		Release|ARM = Release|ARM
		Release|ARM64 = Release|ARM64
		Release|x64 = Release|x64
		Release|x86 = Release|x86
	EndGlobalSection
	GlobalSection(ProjectConfigurationPlatforms) = postSolution
		{81CE1491-8B85-425C-8D7A-8269E48B57C5}.Debug|Any CPU.ActiveCfg = Debug|x86
		{81CE1491-8B85-425C-8D7A-8269E48B57C5}.Debug|Any CPU.Build.0 = Debug|x86
		{81CE1491-8B85-425C-8D7A-8269E48B57C5}.Debug|Any CPU.Deploy.0 = Debug|x86
		{81CE1491-8B85-425C-8D7A-8269E48B57C5}.Debug|ARM.ActiveCfg = Debug|ARM
		{81CE1491-8B85-425C-8D7A-8269E48B57C5}.Debug|ARM.Build.0 = Debug|ARM
		{81CE1491-8B85-425C-8D7A-8269E48B57C5}.Debug|ARM.Deploy.0 = Debug|ARM
		{81CE1491-8B85-425C-8D7A-8269E48B57C5}.Debug|ARM64.ActiveCfg = Debug|ARM64
		{81CE1491-8B85-425C-8D7A-8269E48B57C5}.Debug|ARM64.Build.0 = Debug|ARM64
		{81CE1491-8B85-425C-8D7A-8269E48B57C5}.Debug|ARM64.Deploy.0 = Debug|ARM64
		{81CE1491-8B85-425C-8D7A-8269E48B57C5}.Debug|x64.ActiveCfg = Debug|x64
		{81CE1491-8B85-425C-8D7A-8269E48B57C5}.Debug|x64.Build.0 = Debug|x64
		{81CE1491-8B85-425C-8D7A-8269E48B57C5}.Debug|x64.Deploy.0 = Debug|x64
		{81CE1491-8B85-425C-8D7A-8269E48B57C5}.Debug|x86.ActiveCfg = Debug|x86
		{81CE1491-8B85-425C-8D7A-8269E48B57C5}.Debug|x86.Build.0 = Debug|x86
		{81CE1491-8B85-425C-8D7A-8269E48B57C5}.Debug|x86.Deploy.0 = Debug|x86
		{81CE1491-8B85-425C-8D7A-8269E48B57C5}.Release|Any CPU.ActiveCfg = Release|x86
		{81CE1491-8B85-425C-8D7A-8269E48B57C5}.Release|ARM.ActiveCfg = Release|ARM
		{81CE1491-8B85-425C-8D7A-8269E48B57C5}.Release|ARM.Build.0 = Release|ARM
		{81CE1491-8B85-425C-8D7A-8269E48B57C5}.Release|ARM.Deploy.0 = Release|ARM
		{81CE1491-8B85-425C-8D7A-8269E48B57C5}.Release|ARM64.ActiveCfg = Release|ARM64
		{81CE1491-8B85-425C-8D7A-8269E48B57C5}.Release|ARM64.Build.0 = Release|ARM64
		{81CE1491-8B85-425C-8D7A-8269E48B57C5}.Release|ARM64.Deploy.0 = Release|ARM64
		{81CE1491-8B85-425C-8D7A-8269E48B57C5}.Release|x64.ActiveCfg = Release|x64
		{81CE1491-8B85-425C-8D7A-8269E48B57C5}.Release|x64.Build.0 = Release|x64
		{81CE1491-8B85-425C-8D7A-8269E48B57C5}.Release|x64.Deploy.0 = Release|x64
		{81CE1491-8B85-425C-8D7A-8269E48B57C5}.Release|x86.ActiveCfg = Release|x86
		{81CE1491-8B85-425C-8D7A-8269E48B57C5}.Release|x86.Build.0 = Release|x86
		{81CE1491-8B85-425C-8D7A-8269E48B57C5}.Release|x86.Deploy.0 = Release|x86
		{CCAFC09F-3A85-4298-9EB2-1F91D2CE40AA}.Debug|Any CPU.ActiveCfg = Debug|Any CPU
		{CCAFC09F-3A85-4298-9EB2-1F91D2CE40AA}.Debug|Any CPU.Build.0 = Debug|Any CPU
		{CCAFC09F-3A85-4298-9EB2-1F91D2CE40AA}.Debug|ARM.ActiveCfg = Debug|ARM
		{CCAFC09F-3A85-4298-9EB2-1F91D2CE40AA}.Debug|ARM.Build.0 = Debug|ARM
		{CCAFC09F-3A85-4298-9EB2-1F91D2CE40AA}.Debug|ARM64.ActiveCfg = Debug|ARM64
		{CCAFC09F-3A85-4298-9EB2-1F91D2CE40AA}.Debug|ARM64.Build.0 = Debug|ARM64
		{CCAFC09F-3A85-4298-9EB2-1F91D2CE40AA}.Debug|x64.ActiveCfg = Debug|x64
		{CCAFC09F-3A85-4298-9EB2-1F91D2CE40AA}.Debug|x64.Build.0 = Debug|x64
		{CCAFC09F-3A85-4298-9EB2-1F91D2CE40AA}.Debug|x86.ActiveCfg = Debug|x86
		{CCAFC09F-3A85-4298-9EB2-1F91D2CE40AA}.Debug|x86.Build.0 = Debug|x86
		{CCAFC09F-3A85-4298-9EB2-1F91D2CE40AA}.Release|Any CPU.ActiveCfg = Release|Any CPU
		{CCAFC09F-3A85-4298-9EB2-1F91D2CE40AA}.Release|Any CPU.Build.0 = Release|Any CPU
		{CCAFC09F-3A85-4298-9EB2-1F91D2CE40AA}.Release|ARM.ActiveCfg = Release|ARM
		{CCAFC09F-3A85-4298-9EB2-1F91D2CE40AA}.Release|ARM.Build.0 = Release|ARM
		{CCAFC09F-3A85-4298-9EB2-1F91D2CE40AA}.Release|ARM64.ActiveCfg = Release|ARM64
		{CCAFC09F-3A85-4298-9EB2-1F91D2CE40AA}.Release|ARM64.Build.0 = Release|ARM64
		{CCAFC09F-3A85-4298-9EB2-1F91D2CE40AA}.Release|x64.ActiveCfg = Release|x64
		{CCAFC09F-3A85-4298-9EB2-1F91D2CE40AA}.Release|x64.Build.0 = Release|x64
		{CCAFC09F-3A85-4298-9EB2-1F91D2CE40AA}.Release|x86.ActiveCfg = Release|x86
		{CCAFC09F-3A85-4298-9EB2-1F91D2CE40AA}.Release|x86.Build.0 = Release|x86
		{BA2474BC-8BC5-43CF-8E73-AB81806FDDE2}.Debug|Any CPU.ActiveCfg = Debug|Any CPU
		{BA2474BC-8BC5-43CF-8E73-AB81806FDDE2}.Debug|Any CPU.Build.0 = Debug|Any CPU
		{BA2474BC-8BC5-43CF-8E73-AB81806FDDE2}.Debug|ARM.ActiveCfg = Debug|ARM
		{BA2474BC-8BC5-43CF-8E73-AB81806FDDE2}.Debug|ARM.Build.0 = Debug|ARM
		{BA2474BC-8BC5-43CF-8E73-AB81806FDDE2}.Debug|ARM64.ActiveCfg = Debug|ARM64
		{BA2474BC-8BC5-43CF-8E73-AB81806FDDE2}.Debug|ARM64.Build.0 = Debug|ARM64
		{BA2474BC-8BC5-43CF-8E73-AB81806FDDE2}.Debug|x64.ActiveCfg = Debug|x64
		{BA2474BC-8BC5-43CF-8E73-AB81806FDDE2}.Debug|x64.Build.0 = Debug|x64
		{BA2474BC-8BC5-43CF-8E73-AB81806FDDE2}.Debug|x86.ActiveCfg = Debug|x86
		{BA2474BC-8BC5-43CF-8E73-AB81806FDDE2}.Debug|x86.Build.0 = Debug|x86
		{BA2474BC-8BC5-43CF-8E73-AB81806FDDE2}.Release|Any CPU.ActiveCfg = Release|Any CPU
		{BA2474BC-8BC5-43CF-8E73-AB81806FDDE2}.Release|Any CPU.Build.0 = Release|Any CPU
		{BA2474BC-8BC5-43CF-8E73-AB81806FDDE2}.Release|ARM.ActiveCfg = Release|ARM
		{BA2474BC-8BC5-43CF-8E73-AB81806FDDE2}.Release|ARM.Build.0 = Release|ARM
		{BA2474BC-8BC5-43CF-8E73-AB81806FDDE2}.Release|ARM64.ActiveCfg = Release|ARM64
		{BA2474BC-8BC5-43CF-8E73-AB81806FDDE2}.Release|ARM64.Build.0 = Release|ARM64
		{BA2474BC-8BC5-43CF-8E73-AB81806FDDE2}.Release|x64.ActiveCfg = Release|x64
		{BA2474BC-8BC5-43CF-8E73-AB81806FDDE2}.Release|x64.Build.0 = Release|x64
		{BA2474BC-8BC5-43CF-8E73-AB81806FDDE2}.Release|x86.ActiveCfg = Release|x86
		{BA2474BC-8BC5-43CF-8E73-AB81806FDDE2}.Release|x86.Build.0 = Release|x86
		{F1201260-51E8-43C8-BFD6-DA7789347F63}.Debug|Any CPU.ActiveCfg = Debug|x86
		{F1201260-51E8-43C8-BFD6-DA7789347F63}.Debug|ARM.ActiveCfg = Debug|ARM
		{F1201260-51E8-43C8-BFD6-DA7789347F63}.Debug|ARM.Build.0 = Debug|ARM
		{F1201260-51E8-43C8-BFD6-DA7789347F63}.Debug|ARM.Deploy.0 = Debug|ARM
		{F1201260-51E8-43C8-BFD6-DA7789347F63}.Debug|ARM64.ActiveCfg = Debug|ARM64
		{F1201260-51E8-43C8-BFD6-DA7789347F63}.Debug|ARM64.Build.0 = Debug|ARM64
		{F1201260-51E8-43C8-BFD6-DA7789347F63}.Debug|ARM64.Deploy.0 = Debug|ARM64
		{F1201260-51E8-43C8-BFD6-DA7789347F63}.Debug|x64.ActiveCfg = Debug|x64
		{F1201260-51E8-43C8-BFD6-DA7789347F63}.Debug|x64.Build.0 = Debug|x64
		{F1201260-51E8-43C8-BFD6-DA7789347F63}.Debug|x64.Deploy.0 = Debug|x64
		{F1201260-51E8-43C8-BFD6-DA7789347F63}.Debug|x86.ActiveCfg = Debug|x86
		{F1201260-51E8-43C8-BFD6-DA7789347F63}.Debug|x86.Build.0 = Debug|x86
		{F1201260-51E8-43C8-BFD6-DA7789347F63}.Debug|x86.Deploy.0 = Debug|x86
		{F1201260-51E8-43C8-BFD6-DA7789347F63}.Release|Any CPU.ActiveCfg = Release|x86
		{F1201260-51E8-43C8-BFD6-DA7789347F63}.Release|ARM.ActiveCfg = Release|ARM
		{F1201260-51E8-43C8-BFD6-DA7789347F63}.Release|ARM.Build.0 = Release|ARM
		{F1201260-51E8-43C8-BFD6-DA7789347F63}.Release|ARM.Deploy.0 = Release|ARM
		{F1201260-51E8-43C8-BFD6-DA7789347F63}.Release|ARM64.ActiveCfg = Release|ARM64
		{F1201260-51E8-43C8-BFD6-DA7789347F63}.Release|ARM64.Build.0 = Release|ARM64
		{F1201260-51E8-43C8-BFD6-DA7789347F63}.Release|ARM64.Deploy.0 = Release|ARM64
		{F1201260-51E8-43C8-BFD6-DA7789347F63}.Release|x64.ActiveCfg = Release|x64
		{F1201260-51E8-43C8-BFD6-DA7789347F63}.Release|x64.Build.0 = Release|x64
		{F1201260-51E8-43C8-BFD6-DA7789347F63}.Release|x64.Deploy.0 = Release|x64
		{F1201260-51E8-43C8-BFD6-DA7789347F63}.Release|x86.ActiveCfg = Release|x86
		{F1201260-51E8-43C8-BFD6-DA7789347F63}.Release|x86.Build.0 = Release|x86
		{F1201260-51E8-43C8-BFD6-DA7789347F63}.Release|x86.Deploy.0 = Release|x86
	EndGlobalSection
	GlobalSection(SolutionProperties) = preSolution
		HideSolutionNode = FALSE
	EndGlobalSection
	GlobalSection(ExtensibilityGlobals) = postSolution
		SolutionGuid = {628FED62-B8B0-4EA3-8809-951EAB2521F1}
	EndGlobalSection
EndGlobal
